
Microsoft Visual Studio Solution File, Format Version 12.00
# Visual Studio Version 17
VisualStudioVersion = 17.5.002.0
MinimumVisualStudioVersion = 10.0.40219.1
Project("{9A19103F-16F7-4668-BE54-9A1E7A4F7556}") = "C#Sem9", "C#Sem9.csproj", "{9E1A1E80-4485-4573-BF16-BE9F2237F8C9}"
EndProject
Global
	GlobalSection(SolutionConfigurationPlatforms) = preSolution
		Debug|Any CPU = Debug|Any CPU
		Release|Any CPU = Release|Any CPU
	EndGlobalSection
	GlobalSection(ProjectConfigurationPlatforms) = postSolution
		{9E1A1E80-4485-4573-BF16-BE9F2237F8C9}.Debug|Any CPU.ActiveCfg = Debug|Any CPU
		{9E1A1E80-4485-4573-BF16-BE9F2237F8C9}.Debug|Any CPU.Build.0 = Debug|Any CPU
		{9E1A1E80-4485-4573-BF16-BE9F2237F8C9}.Release|Any CPU.ActiveCfg = Release|Any CPU
		{9E1A1E80-4485-4573-BF16-BE9F2237F8C9}.Release|Any CPU.Build.0 = Release|Any CPU
	EndGlobalSection
	GlobalSection(SolutionProperties) = preSolution
		HideSolutionNode = FALSE
	EndGlobalSection
	GlobalSection(ExtensibilityGlobals) = postSolution
		SolutionGuid = {CEDB5F88-BE1E-402F-AB0B-C2BD6AAE0BAD}
	EndGlobalSection
EndGlobal
